
Microsoft Visual Studio Solution File, Format Version 12.00
# Visual Studio Version 17
VisualStudioVersion = 17.11.35303.130
MinimumVisualStudioVersion = 10.0.40219.1
Project("{FAE04EC0-301F-11D3-BF4B-00C04F79EFBC}") = "Client1", "Client1\Client1.csproj", "{831CBAF0-5EDE-4561-8980-15C4DA60A5ED}"
EndProject
Global
	GlobalSection(SolutionConfigurationPlatforms) = preSolution
		Debug|Any CPU = Debug|Any CPU
		Release|Any CPU = Release|Any CPU
	EndGlobalSection
	GlobalSection(ProjectConfigurationPlatforms) = postSolution
		{831CBAF0-5EDE-4561-8980-15C4DA60A5ED}.Debug|Any CPU.ActiveCfg = Debug|Any CPU
		{831CBAF0-5EDE-4561-8980-15C4DA60A5ED}.Debug|Any CPU.Build.0 = Debug|Any CPU
		{831CBAF0-5EDE-4561-8980-15C4DA60A5ED}.Release|Any CPU.ActiveCfg = Release|Any CPU
		{831CBAF0-5EDE-4561-8980-15C4DA60A5ED}.Release|Any CPU.Build.0 = Release|Any CPU
	EndGlobalSection
	GlobalSection(SolutionProperties) = preSolution
		HideSolutionNode = FALSE
	EndGlobalSection
	GlobalSection(ExtensibilityGlobals) = postSolution
		SolutionGuid = {EE07891F-BDAB-48AE-99EC-964953BA1B3F}
	EndGlobalSection
EndGlobal
